// !$*UTF8*$!
{
	archiveVersion = 1;
	classes = {
	};
	objectVersion = 50;
	objects = {

/* Begin PBXBuildFile section */
		48695F6D25B08DB80084A6B9 /* MaterialsApp.swift in Sources */ = {isa = PBXBuildFile; fileRef = 48695F6C25B08DB80084A6B9 /* MaterialsApp.swift */; };
		48695F6F25B08DB80084A6B9 /* ContentView.swift in Sources */ = {isa = PBXBuildFile; fileRef = 48695F6E25B08DB80084A6B9 /* ContentView.swift */; };
		48695F7125B08DBD0084A6B9 /* Assets.xcassets in Resources */ = {isa = PBXBuildFile; fileRef = 48695F7025B08DBD0084A6B9 /* Assets.xcassets */; };
		48695F7425B08DBD0084A6B9 /* Preview Assets.xcassets in Resources */ = {isa = PBXBuildFile; fileRef = 48695F7325B08DBD0084A6B9 /* Preview Assets.xcassets */; };
		48695F7F25B08DBD0084A6B9 /* MaterialsTests.swift in Sources */ = {isa = PBXBuildFile; fileRef = 48695F7E25B08DBD0084A6B9 /* MaterialsTests.swift */; };
		48695F8A25B08DBD0084A6B9 /* MaterialsUITests.swift in Sources */ = {isa = PBXBuildFile; fileRef = 48695F8925B08DBD0084A6B9 /* MaterialsUITests.swift */; };
/* End PBXBuildFile section */

/* Begin PBXContainerItemProxy section */
		48695F7B25B08DBD0084A6B9 /* PBXContainerItemProxy */ = {
			isa = PBXContainerItemProxy;
			containerPortal = 48695F6125B08DB80084A6B9 /* Project object */;
			proxyType = 1;
			remoteGlobalIDString = 48695F6825B08DB80084A6B9;
			remoteInfo = Materials;
		};
		48695F8625B08DBD0084A6B9 /* PBXContainerItemProxy */ = {
			isa = PBXContainerItemProxy;
			containerPortal = 48695F6125B08DB80084A6B9 /* Project object */;
			proxyType = 1;
			remoteGlobalIDString = 48695F6825B08DB80084A6B9;
			remoteInfo = Materials;
		};
/* End PBXContainerItemProxy section */

/* Begin PBXFileReference section */
		48695F6925B08DB80084A6B9 /* Materials.app */ = {isa = PBXFileReference; explicitFileType = wrapper.application; includeInIndex = 0; path = Materials.app; sourceTree = BUILT_PRODUCTS_DIR; };
		48695F6C25B08DB80084A6B9 /* MaterialsApp.swift */ = {isa = PBXFileReference; lastKnownFileType = sourcecode.swift; path = MaterialsApp.swift; sourceTree = "<group>"; };
		48695F6E25B08DB80084A6B9 /* ContentView.swift */ = {isa = PBXFileReference; lastKnownFileType = sourcecode.swift; path = ContentView.swift; sourceTree = "<group>"; };
		48695F7025B08DBD0084A6B9 /* Assets.xcassets */ = {isa = PBXFileReference; lastKnownFileType = folder.assetcatalog; path = Assets.xcassets; sourceTree = "<group>"; };
		48695F7325B08DBD0084A6B9 /* Preview Assets.xcassets */ = {isa = PBXFileReference; lastKnownFileType = folder.assetcatalog; path = "Preview Assets.xcassets"; sourceTree = "<group>"; };
		48695F7525B08DBD0084A6B9 /* Info.plist */ = {isa = PBXFileReference; lastKnownFileType = text.plist.xml; path = Info.plist; sourceTree = "<group>"; };
		48695F7A25B08DBD0084A6B9 /* MaterialsTests.xctest */ = {isa = PBXFileReference; explicitFileType = wrapper.cfbundle; includeInIndex = 0; path = MaterialsTests.xctest; sourceTree = BUILT_PRODUCTS_DIR; };
		48695F7E25B08DBD0084A6B9 /* MaterialsTests.swift */ = {isa = PBXFileReference; lastKnownFileType = sourcecode.swift; path = MaterialsTests.swift; sourceTree = "<group>"; };
		48695F8025B08DBD0084A6B9 /* Info.plist */ = {isa = PBXFileReference; lastKnownFileType = text.plist.xml; path = Info.plist; sourceTree = "<group>"; };
		48695F8525B08DBD0084A6B9 /* MaterialsUITests.xctest */ = {isa = PBXFileReference; explicitFileType = wrapper.cfbundle; includeInIndex = 0; path = MaterialsUITests.xctest; sourceTree = BUILT_PRODUCTS_DIR; };
		48695F8925B08DBD0084A6B9 /* MaterialsUITests.swift */ = {isa = PBXFileReference; lastKnownFileType = sourcecode.swift; path = MaterialsUITests.swift; sourceTree = "<group>"; };
		48695F8B25B08DBD0084A6B9 /* Info.plist */ = {isa = PBXFileReference; lastKnownFileType = text.plist.xml; path = Info.plist; sourceTree = "<group>"; };
/* End PBXFileReference section */

/* Begin PBXFrameworksBuildPhase section */
		48695F6625B08DB80084A6B9 /* Frameworks */ = {
			isa = PBXFrameworksBuildPhase;
			buildActionMask = 2147483647;
			files = (
			);
			runOnlyForDeploymentPostprocessing = 0;
		};
		48695F7725B08DBD0084A6B9 /* Frameworks */ = {
			isa = PBXFrameworksBuildPhase;
			buildActionMask = 2147483647;
			files = (
			);
			runOnlyForDeploymentPostprocessing = 0;
		};
		48695F8225B08DBD0084A6B9 /* Frameworks */ = {
			isa = PBXFrameworksBuildPhase;
			buildActionMask = 2147483647;
			files = (
			);
			runOnlyForDeploymentPostprocessing = 0;
		};
/* End PBXFrameworksBuildPhase section */

/* Begin PBXGroup section */
		48695F6025B08DB80084A6B9 = {
			isa = PBXGroup;
			children = (
				48695F6B25B08DB80084A6B9 /* Materials */,
				48695F7D25B08DBD0084A6B9 /* MaterialsTests */,
				48695F8825B08DBD0084A6B9 /* MaterialsUITests */,
				48695F6A25B08DB80084A6B9 /* Products */,
			);
			sourceTree = "<group>";
		};
		48695F6A25B08DB80084A6B9 /* Products */ = {
			isa = PBXGroup;
			children = (
				48695F6925B08DB80084A6B9 /* Materials.app */,
				48695F7A25B08DBD0084A6B9 /* MaterialsTests.xctest */,
				48695F8525B08DBD0084A6B9 /* MaterialsUITests.xctest */,
			);
			name = Products;
			sourceTree = "<group>";
		};
		48695F6B25B08DB80084A6B9 /* Materials */ = {
			isa = PBXGroup;
			children = (
				48695F6C25B08DB80084A6B9 /* MaterialsApp.swift */,
				48695F6E25B08DB80084A6B9 /* ContentView.swift */,
				48695F7025B08DBD0084A6B9 /* Assets.xcassets */,
				48695F7525B08DBD0084A6B9 /* Info.plist */,
				48695F7225B08DBD0084A6B9 /* Preview Content */,
			);
			path = Materials;
			sourceTree = "<group>";
		};
		48695F7225B08DBD0084A6B9 /* Preview Content */ = {
			isa = PBXGroup;
			children = (
				48695F7325B08DBD0084A6B9 /* Preview Assets.xcassets */,
			);
			path = "Preview Content";
			sourceTree = "<group>";
		};
		48695F7D25B08DBD0084A6B9 /* MaterialsTests */ = {
			isa = PBXGroup;
			children = (
				48695F7E25B08DBD0084A6B9 /* MaterialsTests.swift */,
				48695F8025B08DBD0084A6B9 /* Info.plist */,
			);
			path = MaterialsTests;
			sourceTree = "<group>";
		};
		48695F8825B08DBD0084A6B9 /* MaterialsUITests */ = {
			isa = PBXGroup;
			children = (
				48695F8925B08DBD0084A6B9 /* MaterialsUITests.swift */,
				48695F8B25B08DBD0084A6B9 /* Info.plist */,
			);
			path = MaterialsUITests;
			sourceTree = "<group>";
		};
/* End PBXGroup section */

/* Begin PBXNativeTarget section */
		48695F6825B08DB80084A6B9 /* Materials */ = {
			isa = PBXNativeTarget;
			buildConfigurationList = 48695F8E25B08DBD0084A6B9 /* Build configuration list for PBXNativeTarget "Materials" */;
			buildPhases = (
				48695F6525B08DB80084A6B9 /* Sources */,
				48695F6625B08DB80084A6B9 /* Frameworks */,
				48695F6725B08DB80084A6B9 /* Resources */,
			);
			buildRules = (
			);
			dependencies = (
			);
			name = Materials;
			productName = Materials;
			productReference = 48695F6925B08DB80084A6B9 /* Materials.app */;
			productType = "com.apple.product-type.application";
		};
		48695F7925B08DBD0084A6B9 /* MaterialsTests */ = {
			isa = PBXNativeTarget;
			buildConfigurationList = 48695F9125B08DBD0084A6B9 /* Build configuration list for PBXNativeTarget "MaterialsTests" */;
			buildPhases = (
				48695F7625B08DBD0084A6B9 /* Sources */,
				48695F7725B08DBD0084A6B9 /* Frameworks */,
				48695F7825B08DBD0084A6B9 /* Resources */,
			);
			buildRules = (
			);
			dependencies = (
				48695F7C25B08DBD0084A6B9 /* PBXTargetDependency */,
			);
			name = MaterialsTests;
			productName = MaterialsTests;
			productReference = 48695F7A25B08DBD0084A6B9 /* MaterialsTests.xctest */;
			productType = "com.apple.product-type.bundle.unit-test";
		};
		48695F8425B08DBD0084A6B9 /* MaterialsUITests */ = {
			isa = PBXNativeTarget;
			buildConfigurationList = 48695F9425B08DBD0084A6B9 /* Build configuration list for PBXNativeTarget "MaterialsUITests" */;
			buildPhases = (
				48695F8125B08DBD0084A6B9 /* Sources */,
				48695F8225B08DBD0084A6B9 /* Frameworks */,
				48695F8325B08DBD0084A6B9 /* Resources */,
			);
			buildRules = (
			);
			dependencies = (
				48695F8725B08DBD0084A6B9 /* PBXTargetDependency */,
			);
			name = MaterialsUITests;
			productName = MaterialsUITests;
			productReference = 48695F8525B08DBD0084A6B9 /* MaterialsUITests.xctest */;
			productType = "com.apple.product-type.bundle.ui-testing";
		};
/* End PBXNativeTarget section */

/* Begin PBXProject section */
		48695F6125B08DB80084A6B9 /* Project object */ = {
			isa = PBXProject;
			attributes = {
				LastSwiftUpdateCheck = 1230;
				LastUpgradeCheck = 1230;
				TargetAttributes = {
					48695F6825B08DB80084A6B9 = {
						CreatedOnToolsVersion = 12.3;
					};
					48695F7925B08DBD0084A6B9 = {
						CreatedOnToolsVersion = 12.3;
						TestTargetID = 48695F6825B08DB80084A6B9;
					};
					48695F8425B08DBD0084A6B9 = {
						CreatedOnToolsVersion = 12.3;
						TestTargetID = 48695F6825B08DB80084A6B9;
					};
				};
			};
			buildConfigurationList = 48695F6425B08DB80084A6B9 /* Build configuration list for PBXProject "Materials" */;
			compatibilityVersion = "Xcode 9.3";
			developmentRegion = en;
			hasScannedForEncodings = 0;
			knownRegions = (
				en,
				Base,
			);
			mainGroup = 48695F6025B08DB80084A6B9;
			productRefGroup = 48695F6A25B08DB80084A6B9 /* Products */;
			projectDirPath = "";
			projectRoot = "";
			targets = (
				48695F6825B08DB80084A6B9 /* Materials */,
				48695F7925B08DBD0084A6B9 /* MaterialsTests */,
				48695F8425B08DBD0084A6B9 /* MaterialsUITests */,
			);
		};
/* End PBXProject section */

/* Begin PBXResourcesBuildPhase section */
		48695F6725B08DB80084A6B9 /* Resources */ = {
			isa = PBXResourcesBuildPhase;
			buildActionMask = 2147483647;
			files = (
				48695F7425B08DBD0084A6B9 /* Preview Assets.xcassets in Resources */,
				48695F7125B08DBD0084A6B9 /* Assets.xcassets in Resources */,
			);
			runOnlyForDeploymentPostprocessing = 0;
		};
		48695F7825B08DBD0084A6B9 /* Resources */ = {
			isa = PBXResourcesBuildPhase;
			buildActionMask = 2147483647;
			files = (
			);
			runOnlyForDeploymentPostprocessing = 0;
		};
		48695F8325B08DBD0084A6B9 /* Resources */ = {
			isa = PBXResourcesBuildPhase;
			buildActionMask = 2147483647;
			files = (
			);
			runOnlyForDeploymentPostprocessing = 0;
		};
/* End PBXResourcesBuildPhase section */

/* Begin PBXSourcesBuildPhase section */
		48695F6525B08DB80084A6B9 /* Sources */ = {
			isa = PBXSourcesBuildPhase;
			buildActionMask = 2147483647;
			files = (
				48695F6F25B08DB80084A6B9 /* ContentView.swift in Sources */,
				48695F6D25B08DB80084A6B9 /* MaterialsApp.swift in Sources */,
			);
			runOnlyForDeploymentPostprocessing = 0;
		};
		48695F7625B08DBD0084A6B9 /* Sources */ = {
			isa = PBXSourcesBuildPhase;
			buildActionMask = 2147483647;
			files = (
				48695F7F25B08DBD0084A6B9 /* MaterialsTests.swift in Sources */,
			);
			runOnlyForDeploymentPostprocessing = 0;
		};
		48695F8125B08DBD0084A6B9 /* Sources */ = {
			isa = PBXSourcesBuildPhase;
			buildActionMask = 2147483647;
			files = (
				48695F8A25B08DBD0084A6B9 /* MaterialsUITests.swift in Sources */,
			);
			runOnlyForDeploymentPostprocessing = 0;
		};
/* End PBXSourcesBuildPhase section */

/* Begin PBXTargetDependency section */
		48695F7C25B08DBD0084A6B9 /* PBXTargetDependency */ = {
			isa = PBXTargetDependency;
			target = 48695F6825B08DB80084A6B9 /* Materials */;
			targetProxy = 48695F7B25B08DBD0084A6B9 /* PBXContainerItemProxy */;
		};
		48695F8725B08DBD0084A6B9 /* PBXTargetDependency */ = {
			isa = PBXTargetDependency;
			target = 48695F6825B08DB80084A6B9 /* Materials */;
			targetProxy = 48695F8625B08DBD0084A6B9 /* PBXContainerItemProxy */;
		};
/* End PBXTargetDependency section */

/* Begin XCBuildConfiguration section */
		48695F8C25B08DBD0084A6B9 /* Debug */ = {
			isa = XCBuildConfiguration;
			buildSettings = {
				ALWAYS_SEARCH_USER_PATHS = NO;
				CLANG_ANALYZER_NONNULL = YES;
				CLANG_ANALYZER_NUMBER_OBJECT_CONVERSION = YES_AGGRESSIVE;
				CLANG_CXX_LANGUAGE_STANDARD = "gnu++14";
				CLANG_CXX_LIBRARY = "libc++";
				CLANG_ENABLE_MODULES = YES;
				CLANG_ENABLE_OBJC_ARC = YES;
				CLANG_ENABLE_OBJC_WEAK = YES;
				CLANG_WARN_BLOCK_CAPTURE_AUTORELEASING = YES;
				CLANG_WARN_BOOL_CONVERSION = YES;
				CLANG_WARN_COMMA = YES;
				CLANG_WARN_CONSTANT_CONVERSION = YES;
				CLANG_WARN_DEPRECATED_OBJC_IMPLEMENTATIONS = YES;
				CLANG_WARN_DIRECT_OBJC_ISA_USAGE = YES_ERROR;
				CLANG_WARN_DOCUMENTATION_COMMENTS = YES;
				CLANG_WARN_EMPTY_BODY = YES;
				CLANG_WARN_ENUM_CONVERSION = YES;
				CLANG_WARN_INFINITE_RECURSION = YES;
				CLANG_WARN_INT_CONVERSION = YES;
				CLANG_WARN_NON_LITERAL_NULL_CONVERSION = YES;
				CLANG_WARN_OBJC_IMPLICIT_RETAIN_SELF = YES;
				CLANG_WARN_OBJC_LITERAL_CONVERSION = YES;
				CLANG_WARN_OBJC_ROOT_CLASS = YES_ERROR;
				CLANG_WARN_QUOTED_INCLUDE_IN_FRAMEWORK_HEADER = YES;
				CLANG_WARN_RANGE_LOOP_ANALYSIS = YES;
				CLANG_WARN_STRICT_PROTOTYPES = YES;
				CLANG_WARN_SUSPICIOUS_MOVE = YES;
				CLANG_WARN_UNGUARDED_AVAILABILITY = YES_AGGRESSIVE;
				CLANG_WARN_UNREACHABLE_CODE = YES;
				CLANG_WARN__DUPLICATE_METHOD_MATCH = YES;
				COPY_PHASE_STRIP = NO;
				DEBUG_INFORMATION_FORMAT = dwarf;
				ENABLE_STRICT_OBJC_MSGSEND = YES;
				ENABLE_TESTABILITY = YES;
				GCC_C_LANGUAGE_STANDARD = gnu11;
				GCC_DYNAMIC_NO_PIC = NO;
				GCC_NO_COMMON_BLOCKS = YES;
				GCC_OPTIMIZATION_LEVEL = 0;
				GCC_PREPROCESSOR_DEFINITIONS = (
					"DEBUG=1",
					"$(inherited)",
				);
				GCC_WARN_64_TO_32_BIT_CONVERSION = YES;
				GCC_WARN_ABOUT_RETURN_TYPE = YES_ERROR;
				GCC_WARN_UNDECLARED_SELECTOR = YES;
				GCC_WARN_UNINITIALIZED_AUTOS = YES_AGGRESSIVE;
				GCC_WARN_UNUSED_FUNCTION = YES;
				GCC_WARN_UNUSED_VARIABLE = YES;
				IPHONEOS_DEPLOYMENT_TARGET = 14.3;
				MTL_ENABLE_DEBUG_INFO = INCLUDE_SOURCE;
				MTL_FAST_MATH = YES;
				ONLY_ACTIVE_ARCH = YES;
				SDKROOT = iphoneos;
				SWIFT_ACTIVE_COMPILATION_CONDITIONS = DEBUG;
				SWIFT_OPTIMIZATION_LEVEL = "-Onone";
			};
			name = Debug;
		};
		48695F8D25B08DBD0084A6B9 /* Release */ = {
			isa = XCBuildConfiguration;
			buildSettings = {
				ALWAYS_SEARCH_USER_PATHS = NO;
				CLANG_ANALYZER_NONNULL = YES;
				CLANG_ANALYZER_NUMBER_OBJECT_CONVERSION = YES_AGGRESSIVE;
				CLANG_CXX_LANGUAGE_STANDARD = "gnu++14";
				CLANG_CXX_LIBRARY = "libc++";
				CLANG_ENABLE_MODULES = YES;
				CLANG_ENABLE_OBJC_ARC = YES;
				CLANG_ENABLE_OBJC_WEAK = YES;
				CLANG_WARN_BLOCK_CAPTURE_AUTORELEASING = YES;
				CLANG_WARN_BOOL_CONVERSION = YES;
				CLANG_WARN_COMMA = YES;
				CLANG_WARN_CONSTANT_CONVERSION = YES;
				CLANG_WARN_DEPRECATED_OBJC_IMPLEMENTATIONS = YES;
				CLANG_WARN_DIRECT_OBJC_ISA_USAGE = YES_ERROR;
				CLANG_WARN_DOCUMENTATION_COMMENTS = YES;
				CLANG_WARN_EMPTY_BODY = YES;
				CLANG_WARN_ENUM_CONVERSION = YES;
				CLANG_WARN_INFINITE_RECURSION = YES;
				CLANG_WARN_INT_CONVERSION = YES;
				CLANG_WARN_NON_LITERAL_NULL_CONVERSION = YES;
				CLANG_WARN_OBJC_IMPLICIT_RETAIN_SELF = YES;
				CLANG_WARN_OBJC_LITERAL_CONVERSION = YES;
				CLANG_WARN_OBJC_ROOT_CLASS = YES_ERROR;
				CLANG_WARN_QUOTED_INCLUDE_IN_FRAMEWORK_HEADER = YES;
				CLANG_WARN_RANGE_LOOP_ANALYSIS = YES;
				CLANG_WARN_STRICT_PROTOTYPES = YES;
				CLANG_WARN_SUSPICIOUS_MOVE = YES;
				CLANG_WARN_UNGUARDED_AVAILABILITY = YES_AGGRESSIVE;
				CLANG_WARN_UNREACHABLE_CODE = YES;
				CLANG_WARN__DUPLICATE_METHOD_MATCH = YES;
				COPY_PHASE_STRIP = NO;
				DEBUG_INFORMATION_FORMAT = "dwarf-with-dsym";
				ENABLE_NS_ASSERTIONS = NO;
				ENABLE_STRICT_OBJC_MSGSEND = YES;
				GCC_C_LANGUAGE_STANDARD = gnu11;
				GCC_NO_COMMON_BLOCKS = YES;
				GCC_WARN_64_TO_32_BIT_CONVERSION = YES;
				GCC_WARN_ABOUT_RETURN_TYPE = YES_ERROR;
				GCC_WARN_UNDECLARED_SELECTOR = YES;
				GCC_WARN_UNINITIALIZED_AUTOS = YES_AGGRESSIVE;
				GCC_WARN_UNUSED_FUNCTION = YES;
				GCC_WARN_UNUSED_VARIABLE = YES;
				IPHONEOS_DEPLOYMENT_TARGET = 14.3;
				MTL_ENABLE_DEBUG_INFO = NO;
				MTL_FAST_MATH = YES;
				SDKROOT = iphoneos;
				SWIFT_COMPILATION_MODE = wholemodule;
				SWIFT_OPTIMIZATION_LEVEL = "-O";
				VALIDATE_PRODUCT = YES;
			};
			name = Release;
		};
		48695F8F25B08DBD0084A6B9 /* Debug */ = {
			isa = XCBuildConfiguration;
			buildSettings = {
				ASSETCATALOG_COMPILER_APPICON_NAME = AppIcon;
				ASSETCATALOG_COMPILER_GLOBAL_ACCENT_COLOR_NAME = AccentColor;
				CODE_SIGN_STYLE = Automatic;
				DEVELOPMENT_ASSET_PATHS = "\"Materials/Preview Content\"";
				ENABLE_PREVIEWS = YES;
				INFOPLIST_FILE = Materials/Info.plist;
				IPHONEOS_DEPLOYMENT_TARGET = 14.0;
				LD_RUNPATH_SEARCH_PATHS = (
					"$(inherited)",
					"@executable_path/Frameworks",
				);
				PRODUCT_BUNDLE_IDENTIFIER = com.philipcdavis.Materials;
				PRODUCT_NAME = "$(TARGET_NAME)";
				SWIFT_VERSION = 5.0;
				TARGETED_DEVICE_FAMILY = "1,2";
			};
			name = Debug;
		};
		48695F9025B08DBD0084A6B9 /* Release */ = {
			isa = XCBuildConfiguration;
			buildSettings = {
				ASSETCATALOG_COMPILER_APPICON_NAME = AppIcon;
				ASSETCATALOG_COMPILER_GLOBAL_ACCENT_COLOR_NAME = AccentColor;
				CODE_SIGN_STYLE = Automatic;
				DEVELOPMENT_ASSET_PATHS = "\"Materials/Preview Content\"";
				ENABLE_PREVIEWS = YES;
				INFOPLIST_FILE = Materials/Info.plist;
				IPHONEOS_DEPLOYMENT_TARGET = 14.0;
				LD_RUNPATH_SEARCH_PATHS = (
					"$(inherited)",
					"@executable_path/Frameworks",
				);
				PRODUCT_BUNDLE_IDENTIFIER = com.philipcdavis.Materials;
				PRODUCT_NAME = "$(TARGET_NAME)";
				SWIFT_VERSION = 5.0;
				TARGETED_DEVICE_FAMILY = "1,2";
			};
			name = Release;
		};
		48695F9225B08DBD0084A6B9 /* Debug */ = {
			isa = XCBuildConfiguration;
			buildSettings = {
				ALWAYS_EMBED_SWIFT_STANDARD_LIBRARIES = YES;
				BUNDLE_LOADER = "$(TEST_HOST)";
				CODE_SIGN_STYLE = Automatic;
				INFOPLIST_FILE = MaterialsTests/Info.plist;
				IPHONEOS_DEPLOYMENT_TARGET = 14.0;
				LD_RUNPATH_SEARCH_PATHS = (
					"$(inherited)",
					"@executable_path/Frameworks",
					"@loader_path/Frameworks",
				);
				PRODUCT_BUNDLE_IDENTIFIER = com.philipcdavis.MaterialsTests;
				PRODUCT_NAME = "$(TARGET_NAME)";
				SWIFT_VERSION = 5.0;
				TARGETED_DEVICE_FAMILY = "1,2";
				TEST_HOST = "$(BUILT_PRODUCTS_DIR)/Materials.app/Materials";
			};
			name = Debug;
		};
		48695F9325B08DBD0084A6B9 /* Release */ = {
			isa = XCBuildConfiguration;
			buildSettings = {
				ALWAYS_EMBED_SWIFT_STANDARD_LIBRARIES = YES;
				BUNDLE_LOADER = "$(TEST_HOST)";
				CODE_SIGN_STYLE = Automatic;
				INFOPLIST_FILE = MaterialsTests/Info.plist;
				IPHONEOS_DEPLOYMENT_TARGET = 14.0;
				LD_RUNPATH_SEARCH_PATHS = (
					"$(inherited)",
					"@executable_path/Frameworks",
					"@loader_path/Frameworks",
				);
				PRODUCT_BUNDLE_IDENTIFIER = com.philipcdavis.MaterialsTests;
				PRODUCT_NAME = "$(TARGET_NAME)";
				SWIFT_VERSION = 5.0;
				TARGETED_DEVICE_FAMILY = "1,2";
				TEST_HOST = "$(BUILT_PRODUCTS_DIR)/Materials.app/Materials";
			};
			name = Release;
		};
		48695F9525B08DBD0084A6B9 /* Debug */ = {
			isa = XCBuildConfiguration;
			buildSettings = {
				ALWAYS_EMBED_SWIFT_STANDARD_LIBRARIES = YES;
				CODE_SIGN_STYLE = Automatic;
				INFOPLIST_FILE = MaterialsUITests/Info.plist;
				LD_RUNPATH_SEARCH_PATHS = (
					"$(inherited)",
					"@executable_path/Frameworks",
					"@loader_path/Frameworks",
				);
				PRODUCT_BUNDLE_IDENTIFIER = com.philipcdavis.MaterialsUITests;
				PRODUCT_NAME = "$(TARGET_NAME)";
				SWIFT_VERSION = 5.0;
				TARGETED_DEVICE_FAMILY = "1,2";
				TEST_TARGET_NAME = Materials;
			};
			name = Debug;
		};
		48695F9625B08DBD0084A6B9 /* Release */ = {
			isa = XCBuildConfiguration;
			buildSettings = {
				ALWAYS_EMBED_SWIFT_STANDARD_LIBRARIES = YES;
				CODE_SIGN_STYLE = Automatic;
				INFOPLIST_FILE = MaterialsUITests/Info.plist;
				LD_RUNPATH_SEARCH_PATHS = (
					"$(inherited)",
					"@executable_path/Frameworks",
					"@loader_path/Frameworks",
				);
				PRODUCT_BUNDLE_IDENTIFIER = com.philipcdavis.MaterialsUITests;
				PRODUCT_NAME = "$(TARGET_NAME)";
				SWIFT_VERSION = 5.0;
				TARGETED_DEVICE_FAMILY = "1,2";
				TEST_TARGET_NAME = Materials;
			};
			name = Release;
		};
/* End XCBuildConfiguration section */

/* Begin XCConfigurationList section */
		48695F6425B08DB80084A6B9 /* Build configuration list for PBXProject "Materials" */ = {
			isa = XCConfigurationList;
			buildConfigurations = (
				48695F8C25B08DBD0084A6B9 /* Debug */,
				48695F8D25B08DBD0084A6B9 /* Release */,
			);
			defaultConfigurationIsVisible = 0;
			defaultConfigurationName = Release;
		};
		48695F8E25B08DBD0084A6B9 /* Build configuration list for PBXNativeTarget "Materials" */ = {
			isa = XCConfigurationList;
			buildConfigurations = (
				48695F8F25B08DBD0084A6B9 /* Debug */,
				48695F9025B08DBD0084A6B9 /* Release */,
			);
			defaultConfigurationIsVisible = 0;
			defaultConfigurationName = Release;
		};
		48695F9125B08DBD0084A6B9 /* Build configuration list for PBXNativeTarget "MaterialsTests" */ = {
			isa = XCConfigurationList;
			buildConfigurations = (
				48695F9225B08DBD0084A6B9 /* Debug */,
				48695F9325B08DBD0084A6B9 /* Release */,
			);
			defaultConfigurationIsVisible = 0;
			defaultConfigurationName = Release;
		};
		48695F9425B08DBD0084A6B9 /* Build configuration list for PBXNativeTarget "MaterialsUITests" */ = {
			isa = XCConfigurationList;
			buildConfigurations = (
				48695F9525B08DBD0084A6B9 /* Debug */,
				48695F9625B08DBD0084A6B9 /* Release */,
			);
			defaultConfigurationIsVisible = 0;
			defaultConfigurationName = Release;
		};
/* End XCConfigurationList section */
	};
	rootObject = 48695F6125B08DB80084A6B9 /* Project object */;
}
